
Microsoft Visual Studio Solution File, Format Version 12.00
# Visual Studio Version 17
VisualStudioVersion = 17.0.31919.166
MinimumVisualStudioVersion = 10.0.40219.1
Project("{FAE04EC0-301F-11D3-BF4B-00C04F79EFBC}") = "MyWeatherApp.Android", "MyWeatherApp\MyWeatherApp.Android\MyWeatherApp.Android.csproj", "{25F92BA8-31B6-452A-A4D5-50112F0C87F2}"
EndProject
Project("{FAE04EC0-301F-11D3-BF4B-00C04F79EFBC}") = "MyWeatherApp.iOS", "MyWeatherApp\MyWeatherApp.iOS\MyWeatherApp.iOS.csproj", "{952225ED-B023-4D3D-BE76-D59473883A2C}"
EndProject
Project("{FAE04EC0-301F-11D3-BF4B-00C04F79EFBC}") = "MyWeatherApp", "MyWeatherApp\MyWeatherApp\MyWeatherApp.csproj", "{0F12B398-0069-40BF-BA3D-243ADACF3652}"
EndProject
Global
	GlobalSection(SolutionConfigurationPlatforms) = preSolution
		Debug|Any CPU = Debug|Any CPU
		Debug|iPhone = Debug|iPhone
		Debug|iPhoneSimulator = Debug|iPhoneSimulator
		Release|Any CPU = Release|Any CPU
		Release|iPhone = Release|iPhone
		Release|iPhoneSimulator = Release|iPhoneSimulator
	EndGlobalSection
	GlobalSection(ProjectConfigurationPlatforms) = postSolution
		{25F92BA8-31B6-452A-A4D5-50112F0C87F2}.Debug|Any CPU.ActiveCfg = Debug|Any CPU
		{25F92BA8-31B6-452A-A4D5-50112F0C87F2}.Debug|Any CPU.Build.0 = Debug|Any CPU
		{25F92BA8-31B6-452A-A4D5-50112F0C87F2}.Debug|Any CPU.Deploy.0 = Debug|Any CPU
		{25F92BA8-31B6-452A-A4D5-50112F0C87F2}.Debug|iPhone.ActiveCfg = Debug|Any CPU
		{25F92BA8-31B6-452A-A4D5-50112F0C87F2}.Debug|iPhone.Build.0 = Debug|Any CPU
		{25F92BA8-31B6-452A-A4D5-50112F0C87F2}.Debug|iPhone.Deploy.0 = Debug|Any CPU
		{25F92BA8-31B6-452A-A4D5-50112F0C87F2}.Debug|iPhoneSimulator.ActiveCfg = Debug|Any CPU
		{25F92BA8-31B6-452A-A4D5-50112F0C87F2}.Debug|iPhoneSimulator.Build.0 = Debug|Any CPU
		{25F92BA8-31B6-452A-A4D5-50112F0C87F2}.Debug|iPhoneSimulator.Deploy.0 = Debug|Any CPU
		{25F92BA8-31B6-452A-A4D5-50112F0C87F2}.Release|Any CPU.ActiveCfg = Release|Any CPU
		{25F92BA8-31B6-452A-A4D5-50112F0C87F2}.Release|Any CPU.Build.0 = Release|Any CPU
		{25F92BA8-31B6-452A-A4D5-50112F0C87F2}.Release|Any CPU.Deploy.0 = Release|Any CPU
		{25F92BA8-31B6-452A-A4D5-50112F0C87F2}.Release|iPhone.ActiveCfg = Release|Any CPU
		{25F92BA8-31B6-452A-A4D5-50112F0C87F2}.Release|iPhone.Build.0 = Release|Any CPU
		{25F92BA8-31B6-452A-A4D5-50112F0C87F2}.Release|iPhone.Deploy.0 = Release|Any CPU
		{25F92BA8-31B6-452A-A4D5-50112F0C87F2}.Release|iPhoneSimulator.ActiveCfg = Release|Any CPU
		{25F92BA8-31B6-452A-A4D5-50112F0C87F2}.Release|iPhoneSimulator.Build.0 = Release|Any CPU
		{25F92BA8-31B6-452A-A4D5-50112F0C87F2}.Release|iPhoneSimulator.Deploy.0 = Release|Any CPU
		{952225ED-B023-4D3D-BE76-D59473883A2C}.Debug|Any CPU.ActiveCfg = Debug|iPhone
		{952225ED-B023-4D3D-BE76-D59473883A2C}.Debug|Any CPU.Build.0 = Debug|iPhone
		{952225ED-B023-4D3D-BE76-D59473883A2C}.Debug|Any CPU.Deploy.0 = Debug|iPhone
		{952225ED-B023-4D3D-BE76-D59473883A2C}.Debug|iPhone.ActiveCfg = Debug|iPhone
		{952225ED-B023-4D3D-BE76-D59473883A2C}.Debug|iPhone.Build.0 = Debug|iPhone
		{952225ED-B023-4D3D-BE76-D59473883A2C}.Debug|iPhone.Deploy.0 = Debug|iPhone
		{952225ED-B023-4D3D-BE76-D59473883A2C}.Debug|iPhoneSimulator.ActiveCfg = Debug|iPhoneSimulator
		{952225ED-B023-4D3D-BE76-D59473883A2C}.Debug|iPhoneSimulator.Build.0 = Debug|iPhoneSimulator
		{952225ED-B023-4D3D-BE76-D59473883A2C}.Debug|iPhoneSimulator.Deploy.0 = Debug|iPhoneSimulator
		{952225ED-B023-4D3D-BE76-D59473883A2C}.Release|Any CPU.ActiveCfg = Release|iPhoneSimulator
		{952225ED-B023-4D3D-BE76-D59473883A2C}.Release|Any CPU.Build.0 = Release|iPhoneSimulator
		{952225ED-B023-4D3D-BE76-D59473883A2C}.Release|Any CPU.Deploy.0 = Release|iPhoneSimulator
		{952225ED-B023-4D3D-BE76-D59473883A2C}.Release|iPhone.ActiveCfg = Release|iPhone
		{952225ED-B023-4D3D-BE76-D59473883A2C}.Release|iPhone.Build.0 = Release|iPhone
		{952225ED-B023-4D3D-BE76-D59473883A2C}.Release|iPhone.Deploy.0 = Release|iPhone
		{952225ED-B023-4D3D-BE76-D59473883A2C}.Release|iPhoneSimulator.ActiveCfg = Release|iPhoneSimulator
		{952225ED-B023-4D3D-BE76-D59473883A2C}.Release|iPhoneSimulator.Build.0 = Release|iPhoneSimulator
		{952225ED-B023-4D3D-BE76-D59473883A2C}.Release|iPhoneSimulator.Deploy.0 = Release|iPhoneSimulator
		{0F12B398-0069-40BF-BA3D-243ADACF3652}.Debug|Any CPU.ActiveCfg = Debug|Any CPU
		{0F12B398-0069-40BF-BA3D-243ADACF3652}.Debug|Any CPU.Build.0 = Debug|Any CPU
		{0F12B398-0069-40BF-BA3D-243ADACF3652}.Debug|Any CPU.Deploy.0 = Debug|Any CPU
		{0F12B398-0069-40BF-BA3D-243ADACF3652}.Debug|iPhone.ActiveCfg = Debug|Any CPU
		{0F12B398-0069-40BF-BA3D-243ADACF3652}.Debug|iPhone.Build.0 = Debug|Any CPU
		{0F12B398-0069-40BF-BA3D-243ADACF3652}.Debug|iPhone.Deploy.0 = Debug|Any CPU
		{0F12B398-0069-40BF-BA3D-243ADACF3652}.Debug|iPhoneSimulator.ActiveCfg = Debug|Any CPU
		{0F12B398-0069-40BF-BA3D-243ADACF3652}.Debug|iPhoneSimulator.Build.0 = Debug|Any CPU
		{0F12B398-0069-40BF-BA3D-243ADACF3652}.Debug|iPhoneSimulator.Deploy.0 = Debug|Any CPU
		{0F12B398-0069-40BF-BA3D-243ADACF3652}.Release|Any CPU.ActiveCfg = Release|Any CPU
		{0F12B398-0069-40BF-BA3D-243ADACF3652}.Release|Any CPU.Build.0 = Release|Any CPU
		{0F12B398-0069-40BF-BA3D-243ADACF3652}.Release|Any CPU.Deploy.0 = Release|Any CPU
		{0F12B398-0069-40BF-BA3D-243ADACF3652}.Release|iPhone.ActiveCfg = Release|Any CPU
		{0F12B398-0069-40BF-BA3D-243ADACF3652}.Release|iPhone.Build.0 = Release|Any CPU
		{0F12B398-0069-40BF-BA3D-243ADACF3652}.Release|iPhone.Deploy.0 = Release|Any CPU
		{0F12B398-0069-40BF-BA3D-243ADACF3652}.Release|iPhoneSimulator.ActiveCfg = Release|Any CPU
		{0F12B398-0069-40BF-BA3D-243ADACF3652}.Release|iPhoneSimulator.Build.0 = Release|Any CPU
		{0F12B398-0069-40BF-BA3D-243ADACF3652}.Release|iPhoneSimulator.Deploy.0 = Release|Any CPU
	EndGlobalSection
	GlobalSection(SolutionProperties) = preSolution
		HideSolutionNode = FALSE
	EndGlobalSection
	GlobalSection(ExtensibilityGlobals) = postSolution
		SolutionGuid = {FF4A652D-1111-4CA1-B7EB-F7453A5645C6}
	EndGlobalSection
EndGlobal
